
Microsoft Visual Studio Solution File, Format Version 12.00
# Visual Studio Version 17
VisualStudioVersion = 17.6.33801.468
MinimumVisualStudioVersion = 10.0.40219.1
Project("{9A19103F-16F7-4668-BE54-9A1E7A4F7556}") = "1-Problem", "1-Problem\1-Problem.csproj", "{1839CA17-6B85-4C1F-A274-8D835B8184B1}"
EndProject
Project("{9A19103F-16F7-4668-BE54-9A1E7A4F7556}") = "2-MukemmelSayilar", "2-MukemmelSayilar\2-MukemmelSayilar.csproj", "{340BE18C-9920-433B-AE83-84397D458822}"
EndProject
Project("{9A19103F-16F7-4668-BE54-9A1E7A4F7556}") = "3-KaprekarSayilar", "3-KaprekarSayilar\3-KaprekarSayilar.csproj", "{7633A90F-138B-463A-91C5-79D2C29236BC}"
EndProject
Project("{FAE04EC0-301F-11D3-BF4B-00C04F79EFBC}") = "4-Fibonacci", "4-Fibonacci\4-Fibonacci.csproj", "{EF36262E-D1A5-4687-BC04-24ADF80260AB}"
EndProject
Global
	GlobalSection(SolutionConfigurationPlatforms) = preSolution
		Debug|Any CPU = Debug|Any CPU
		Release|Any CPU = Release|Any CPU
	EndGlobalSection
	GlobalSection(ProjectConfigurationPlatforms) = postSolution
		{1839CA17-6B85-4C1F-A274-8D835B8184B1}.Debug|Any CPU.ActiveCfg = Debug|Any CPU
		{1839CA17-6B85-4C1F-A274-8D835B8184B1}.Debug|Any CPU.Build.0 = Debug|Any CPU
		{1839CA17-6B85-4C1F-A274-8D835B8184B1}.Release|Any CPU.ActiveCfg = Release|Any CPU
		{1839CA17-6B85-4C1F-A274-8D835B8184B1}.Release|Any CPU.Build.0 = Release|Any CPU
		{340BE18C-9920-433B-AE83-84397D458822}.Debug|Any CPU.ActiveCfg = Debug|Any CPU
		{340BE18C-9920-433B-AE83-84397D458822}.Debug|Any CPU.Build.0 = Debug|Any CPU
		{340BE18C-9920-433B-AE83-84397D458822}.Release|Any CPU.ActiveCfg = Release|Any CPU
		{340BE18C-9920-433B-AE83-84397D458822}.Release|Any CPU.Build.0 = Release|Any CPU
		{7633A90F-138B-463A-91C5-79D2C29236BC}.Debug|Any CPU.ActiveCfg = Debug|Any CPU
		{7633A90F-138B-463A-91C5-79D2C29236BC}.Debug|Any CPU.Build.0 = Debug|Any CPU
		{7633A90F-138B-463A-91C5-79D2C29236BC}.Release|Any CPU.ActiveCfg = Release|Any CPU
		{7633A90F-138B-463A-91C5-79D2C29236BC}.Release|Any CPU.Build.0 = Release|Any CPU
		{EF36262E-D1A5-4687-BC04-24ADF80260AB}.Debug|Any CPU.ActiveCfg = Debug|Any CPU
		{EF36262E-D1A5-4687-BC04-24ADF80260AB}.Debug|Any CPU.Build.0 = Debug|Any CPU
		{EF36262E-D1A5-4687-BC04-24ADF80260AB}.Release|Any CPU.ActiveCfg = Release|Any CPU
		{EF36262E-D1A5-4687-BC04-24ADF80260AB}.Release|Any CPU.Build.0 = Release|Any CPU
	EndGlobalSection
	GlobalSection(SolutionProperties) = preSolution
		HideSolutionNode = FALSE
	EndGlobalSection
	GlobalSection(ExtensibilityGlobals) = postSolution
		SolutionGuid = {2B01466A-B7E9-4934-BD1B-0A1F2A1ABD2B}
	EndGlobalSection
EndGlobal
